
Microsoft Visual Studio Solution File, Format Version 12.00
# Visual Studio Version 16
VisualStudioVersion = 16.0.31205.134
MinimumVisualStudioVersion = 10.0.40219.1
Project("{FAE04EC0-301F-11D3-BF4B-00C04F79EFBC}") = "AutoParking", "AutoParking.csproj", "{962789ED-EC7A-4A8C-BE5B-E09DC535D071}"
EndProject
Project("{FAE04EC0-301F-11D3-BF4B-00C04F79EFBC}") = "DbFiller", "DbFiller\DbFiller.csproj", "{4C6BEACB-EE7B-4DBF-9754-F3E04743965D}"
EndProject
Project("{2150E333-8FDC-42A3-9474-1A3956D46DE8}") = "Solution Items", "Solution Items", "{51A5D50B-76B6-4121-B671-EA69E52BCB04}"
	ProjectSection(SolutionItems) = preProject
		bin\Debug\images\car_23773.ico = bin\Debug\images\car_23773.ico
	EndProjectSection
EndProject
Global
	GlobalSection(SolutionConfigurationPlatforms) = preSolution
		Debug|Any CPU = Debug|Any CPU
		Release|Any CPU = Release|Any CPU
	EndGlobalSection
	GlobalSection(ProjectConfigurationPlatforms) = postSolution
		{962789ED-EC7A-4A8C-BE5B-E09DC535D071}.Debug|Any CPU.ActiveCfg = Debug|Any CPU
		{962789ED-EC7A-4A8C-BE5B-E09DC535D071}.Debug|Any CPU.Build.0 = Debug|Any CPU
		{962789ED-EC7A-4A8C-BE5B-E09DC535D071}.Release|Any CPU.ActiveCfg = Release|Any CPU
		{962789ED-EC7A-4A8C-BE5B-E09DC535D071}.Release|Any CPU.Build.0 = Release|Any CPU
		{4C6BEACB-EE7B-4DBF-9754-F3E04743965D}.Debug|Any CPU.ActiveCfg = Debug|Any CPU
		{4C6BEACB-EE7B-4DBF-9754-F3E04743965D}.Debug|Any CPU.Build.0 = Debug|Any CPU
		{4C6BEACB-EE7B-4DBF-9754-F3E04743965D}.Release|Any CPU.ActiveCfg = Release|Any CPU
		{4C6BEACB-EE7B-4DBF-9754-F3E04743965D}.Release|Any CPU.Build.0 = Release|Any CPU
	EndGlobalSection
	GlobalSection(SolutionProperties) = preSolution
		HideSolutionNode = FALSE
	EndGlobalSection
	GlobalSection(ExtensibilityGlobals) = postSolution
		SolutionGuid = {2D16FBCC-64A4-45AD-A9FD-5C236DB563F7}
	EndGlobalSection
EndGlobal
